
Microsoft Visual Studio Solution File, Format Version 12.00
# Visual Studio 15
VisualStudioVersion = 15.0.27130.2027
MinimumVisualStudioVersion = 10.0.40219.1
Project("{FAE04EC0-301F-11D3-BF4B-00C04F79EFBC}") = "GADE POE", "GADE POE\GADE POE.csproj", "{7B8E4CD9-478B-4EBC-85F1-F3228C010CC7}"
EndProject
Global
	GlobalSection(SolutionConfigurationPlatforms) = preSolution
		Debug|Any CPU = Debug|Any CPU
		Release|Any CPU = Release|Any CPU
	EndGlobalSection
	GlobalSection(ProjectConfigurationPlatforms) = postSolution
		{7B8E4CD9-478B-4EBC-85F1-F3228C010CC7}.Debug|Any CPU.ActiveCfg = Debug|Any CPU
		{7B8E4CD9-478B-4EBC-85F1-F3228C010CC7}.Debug|Any CPU.Build.0 = Debug|Any CPU
		{7B8E4CD9-478B-4EBC-85F1-F3228C010CC7}.Release|Any CPU.ActiveCfg = Release|Any CPU
		{7B8E4CD9-478B-4EBC-85F1-F3228C010CC7}.Release|Any CPU.Build.0 = Release|Any CPU
	EndGlobalSection
	GlobalSection(SolutionProperties) = preSolution
		HideSolutionNode = FALSE
	EndGlobalSection
	GlobalSection(ExtensibilityGlobals) = postSolution
		SolutionGuid = {2D393FB7-CCE6-44E3-AB91-7B850D157F7B}
	EndGlobalSection
EndGlobal
